{
  "version": 4,
  "terraform_version": "1.4.6",
  "serial": 110,
  "lineage": "11ffe61c-4301-7c12-a0c7-367bc64fb6c3",
  "outputs": {
    "app_id": {
      "value": "e9c86b3b-4ec4-40fa-abdf-993fe30a0a0b",
      "type": "string",
      "sensitive": true
    },
    "instrumentation_key": {
      "value": "6e7349ed-1b4d-4599-9e5f-d7be08ee99ec",
      "type": "string",
      "sensitive": true
    }
  },
  "resources": [
    {
      "mode": "data",
      "type": "archive_file",
      "name": "file_func",
      "provider": "provider[\"registry.terraform.io/hashicorp/archive\"]",
      "instances": [
        {
          "schema_version": 0,
          "attributes": {
            "excludes": null,
            "id": "499b3de214366ddcef4a5c793c3716a9c2a12f15",
            "output_base64sha256": "g1GAfDIPhfhW/VJHcbJ2ZFPOXzvyscPNtdfzi98QGgo=",
            "output_file_mode": null,
            "output_md5": "fa9c9697ff7ce74d0e4112e54b3f0367",
            "output_path": "../backend/api/func.zip",
            "output_sha": "499b3de214366ddcef4a5c793c3716a9c2a12f15",
            "output_size": 24138215,
            "source": [],
            "source_content": null,
            "source_content_filename": null,
            "source_dir": "../backend/api",
            "source_file": null,
            "type": "zip"
          },
          "sensitive_attributes": []
        }
      ]
    },
    {
      "mode": "managed",
      "type": "azurerm_application_insights",
      "name": "appi",
      "provider": "provider[\"registry.terraform.io/hashicorp/azurerm\"]",
      "instances": [
        {
          "schema_version": 1,
          "attributes": {
            "app_id": "e9c86b3b-4ec4-40fa-abdf-993fe30a0a0b",
            "application_type": "other",
            "connection_string": "InstrumentationKey=6e7349ed-1b4d-4599-9e5f-d7be08ee99ec;IngestionEndpoint=https://eastus2-0.in.applicationinsights.azure.com/;LiveEndpoint=https://eastus2.livediagnostics.monitor.azure.com/",
            "daily_data_cap_in_gb": 100,
            "daily_data_cap_notifications_disabled": false,
            "disable_ip_masking": false,
            "force_customer_storage_for_profiler": false,
            "id": "/subscriptions/e80894db-d145-4782-b61e-bcda896501f8/resourceGroups/rgcrctopcug/providers/Microsoft.Insights/components/appicrctopcug",
            "instrumentation_key": "6e7349ed-1b4d-4599-9e5f-d7be08ee99ec",
            "internet_ingestion_enabled": true,
            "internet_query_enabled": true,
            "local_authentication_disabled": false,
            "location": "eastus2",
            "name": "appicrctopcug",
            "resource_group_name": "rgcrctopcug",
            "retention_in_days": 90,
            "sampling_percentage": 100,
            "tags": {},
            "timeouts": null,
            "workspace_id": ""
          },
          "sensitive_attributes": [],
          "private": "eyJlMmJmYjczMC1lY2FhLTExZTYtOGY4OC0zNDM2M2JjN2M0YzAiOnsiY3JlYXRlIjozNjAwMDAwMDAwMDAwLCJkZWxldGUiOjE4MDAwMDAwMDAwMDAsInJlYWQiOjMwMDAwMDAwMDAwMCwidXBkYXRlIjoxODAwMDAwMDAwMDAwfSwic2NoZW1hX3ZlcnNpb24iOiIxIn0="
        }
      ]
    },
    {
      "mode": "managed",
      "type": "azurerm_cosmosdb_account",
      "name": "cosmos",
      "provider": "provider[\"registry.terraform.io/hashicorp/azurerm\"]",
      "instances": [
        {
          "schema_version": 0,
          "attributes": {
            "access_key_metadata_writes_enabled": false,
            "analytical_storage": [
              {
                "schema_type": "WellDefined"
              }
            ],
            "analytical_storage_enabled": false,
            "backup": [
              {
                "interval_in_minutes": 240,
                "retention_in_hours": 8,
                "storage_redundancy": "Geo",
                "type": "Periodic"
              }
            ],
            "capabilities": [
              {
                "name": "EnableServerless"
              },
              {
                "name": "EnableTable"
              }
            ],
            "capacity": [],
            "connection_strings": [
              "AccountEndpoint=https://cosmoscrctopcug.documents.azure.com:443/;AccountKey=1xDPWxRXxmu2HuajVUU66yZ7rsHkTAVzFNbHcmvuVCGmZ9yX1dlePtQ1WioZtVmSx8tPqDARvDWbACDb0JCOlQ==;",
              "AccountEndpoint=https://cosmoscrctopcug.documents.azure.com:443/;AccountKey=jRb0xijkiV4lmkyKn6efUt9bRsE3mYzQ0w5jPHZ0wZsbGw0n5R1uYTJVYgkoLzcvLVNXl2690JOzACDberjVqQ==;",
              "AccountEndpoint=https://cosmoscrctopcug.documents.azure.com:443/;AccountKey=qz8X1XL1aoq3jJyArcoQGrpm7cBbqNlW1tPLwOAEjvpHAVrm3tLZKlVHpmtsBifitmyPNCF3EpqhACDbg1o55g==;",
              "AccountEndpoint=https://cosmoscrctopcug.documents.azure.com:443/;AccountKey=4MkC1xA0FhpTlLZbuHHOIz4S0shPtCdLtXaLla9mzWjh2N7YHmVcaSOljlnKERWrdMpT1FBpzajfACDbdRoNGg==;",
              "DefaultEndpointsProtocol=https;AccountName=cosmoscrctopcug;AccountKey=1xDPWxRXxmu2HuajVUU66yZ7rsHkTAVzFNbHcmvuVCGmZ9yX1dlePtQ1WioZtVmSx8tPqDARvDWbACDb0JCOlQ==;TableEndpoint=https://cosmoscrctopcug.table.cosmos.azure.com:443/;",
              "DefaultEndpointsProtocol=https;AccountName=cosmoscrctopcug;AccountKey=jRb0xijkiV4lmkyKn6efUt9bRsE3mYzQ0w5jPHZ0wZsbGw0n5R1uYTJVYgkoLzcvLVNXl2690JOzACDberjVqQ==;TableEndpoint=https://cosmoscrctopcug.table.cosmos.azure.com:443/;",
              "DefaultEndpointsProtocol=https;AccountName=cosmoscrctopcug;AccountKey=qz8X1XL1aoq3jJyArcoQGrpm7cBbqNlW1tPLwOAEjvpHAVrm3tLZKlVHpmtsBifitmyPNCF3EpqhACDbg1o55g==;TableEndpoint=https://cosmoscrctopcug.table.cosmos.azure.com:443/;",
              "DefaultEndpointsProtocol=https;AccountName=cosmoscrctopcug;AccountKey=4MkC1xA0FhpTlLZbuHHOIz4S0shPtCdLtXaLla9mzWjh2N7YHmVcaSOljlnKERWrdMpT1FBpzajfACDbdRoNGg==;TableEndpoint=https://cosmoscrctopcug.table.cosmos.azure.com:443/;"
            ],
            "consistency_policy": [
              {
                "consistency_level": "BoundedStaleness",
                "max_interval_in_seconds": 300,
                "max_staleness_prefix": 100000
              }
            ],
            "cors_rule": [],
            "create_mode": "",
            "default_identity_type": "FirstPartyIdentity",
            "enable_automatic_failover": false,
            "enable_free_tier": true,
            "enable_multiple_write_locations": false,
            "endpoint": "https://cosmoscrctopcug.documents.azure.com:443/",
            "geo_location": [
              {
                "failover_priority": 0,
                "id": "cosmoscrctopcug-eastus2",
                "location": "eastus2",
                "zone_redundant": false
              }
            ],
            "id": "/subscriptions/e80894db-d145-4782-b61e-bcda896501f8/resourceGroups/rgcrctopcug/providers/Microsoft.DocumentDB/databaseAccounts/cosmoscrctopcug",
            "identity": [],
            "ip_range_filter": "",
            "is_virtual_network_filter_enabled": false,
            "key_vault_key_id": null,
            "kind": "GlobalDocumentDB",
            "local_authentication_disabled": false,
            "location": "eastus2",
            "mongo_server_version": null,
            "name": "cosmoscrctopcug",
            "network_acl_bypass_for_azure_services": false,
            "network_acl_bypass_ids": [],
            "offer_type": "Standard",
            "primary_key": "1xDPWxRXxmu2HuajVUU66yZ7rsHkTAVzFNbHcmvuVCGmZ9yX1dlePtQ1WioZtVmSx8tPqDARvDWbACDb0JCOlQ==",
            "primary_readonly_key": "qz8X1XL1aoq3jJyArcoQGrpm7cBbqNlW1tPLwOAEjvpHAVrm3tLZKlVHpmtsBifitmyPNCF3EpqhACDbg1o55g==",
            "primary_readonly_sql_connection_string": "AccountEndpoint=https://cosmoscrctopcug.documents.azure.com:443/;AccountKey=qz8X1XL1aoq3jJyArcoQGrpm7cBbqNlW1tPLwOAEjvpHAVrm3tLZKlVHpmtsBifitmyPNCF3EpqhACDbg1o55g==;",
            "primary_sql_connection_string": "AccountEndpoint=https://cosmoscrctopcug.documents.azure.com:443/;AccountKey=1xDPWxRXxmu2HuajVUU66yZ7rsHkTAVzFNbHcmvuVCGmZ9yX1dlePtQ1WioZtVmSx8tPqDARvDWbACDb0JCOlQ==;",
            "public_network_access_enabled": true,
            "read_endpoints": [
              "https://cosmoscrctopcug-eastus2.documents.azure.com:443/"
            ],
            "resource_group_name": "rgcrctopcug",
            "restore": [],
            "secondary_key": "jRb0xijkiV4lmkyKn6efUt9bRsE3mYzQ0w5jPHZ0wZsbGw0n5R1uYTJVYgkoLzcvLVNXl2690JOzACDberjVqQ==",
            "secondary_readonly_key": "4MkC1xA0FhpTlLZbuHHOIz4S0shPtCdLtXaLla9mzWjh2N7YHmVcaSOljlnKERWrdMpT1FBpzajfACDbdRoNGg==",
            "secondary_readonly_sql_connection_string": "AccountEndpoint=https://cosmoscrctopcug.documents.azure.com:443/;AccountKey=4MkC1xA0FhpTlLZbuHHOIz4S0shPtCdLtXaLla9mzWjh2N7YHmVcaSOljlnKERWrdMpT1FBpzajfACDbdRoNGg==;",
            "secondary_sql_connection_string": "AccountEndpoint=https://cosmoscrctopcug.documents.azure.com:443/;AccountKey=jRb0xijkiV4lmkyKn6efUt9bRsE3mYzQ0w5jPHZ0wZsbGw0n5R1uYTJVYgkoLzcvLVNXl2690JOzACDberjVqQ==;",
            "tags": {},
            "timeouts": null,
            "virtual_network_rule": [],
            "write_endpoints": [
              "https://cosmoscrctopcug-eastus2.documents.azure.com:443/"
            ]
          },
          "sensitive_attributes": [],
          "private": "eyJlMmJmYjczMC1lY2FhLTExZTYtOGY4OC0zNDM2M2JjN2M0YzAiOnsiY3JlYXRlIjoxMDgwMDAwMDAwMDAwMCwiZGVsZXRlIjoxMDgwMDAwMDAwMDAwMCwicmVhZCI6MzAwMDAwMDAwMDAwLCJ1cGRhdGUiOjEwODAwMDAwMDAwMDAwfX0="
        }
      ]
    },
    {
      "mode": "managed",
      "type": "azurerm_linux_function_app",
      "name": "func",
      "provider": "provider[\"registry.terraform.io/hashicorp/azurerm\"]",
      "instances": [
        {
          "schema_version": 0,
          "attributes": {
            "app_settings": {
              "ENABLE_ORYX_BUILD": "true",
              "SCM_DO_BUILD_DURING_DEPLOYMENT": "true",
              "connectionString": "DefaultEndpointsProtocol=https;AccountName=cosmoscrctopcug;AccountKey=1xDPWxRXxmu2HuajVUU66yZ7rsHkTAVzFNbHcmvuVCGmZ9yX1dlePtQ1WioZtVmSx8tPqDARvDWbACDb0JCOlQ==;TableEndpoint=https://cosmoscrctopcug.table.cosmos.azure.com:443/;",
              "linux_fx_version": "PYTHON|3.9"
            },
            "auth_settings": [],
            "auth_settings_v2": [],
            "backup": [],
            "builtin_logging_enabled": true,
            "client_certificate_enabled": false,
            "client_certificate_exclusion_paths": "",
            "client_certificate_mode": "Optional",
            "connection_string": [],
            "content_share_force_disabled": false,
            "custom_domain_verification_id": "8A120E6A16A7815F660682A19D28CD38C39ECAC569E7CC5CAF15258A4A238E11",
            "daily_memory_time_quota": 0,
            "default_hostname": "funcrctopcug.azurewebsites.net",
            "enabled": true,
            "functions_extension_version": "~4",
            "hosting_environment_id": "",
            "https_only": false,
            "id": "/subscriptions/e80894db-d145-4782-b61e-bcda896501f8/resourceGroups/rgcrctopcug/providers/Microsoft.Web/sites/funcrctopcug",
            "identity": [],
            "key_vault_reference_identity_id": "SystemAssigned",
            "kind": "functionapp,linux",
            "location": "eastus2",
            "name": "funcrctopcug",
            "outbound_ip_address_list": [
              "20.75.6.151",
              "20.75.6.173",
              "20.75.6.226",
              "20.75.7.63",
              "20.75.7.72",
              "20.75.7.84",
              "20.49.97.20"
            ],
            "outbound_ip_addresses": "20.75.6.151,20.75.6.173,20.75.6.226,20.75.7.63,20.75.7.72,20.75.7.84,20.49.97.20",
            "possible_outbound_ip_address_list": [
              "20.75.6.151",
              "20.75.6.173",
              "20.75.6.226",
              "20.75.7.63",
              "20.75.7.72",
              "20.75.7.84",
              "20.75.7.91",
              "20.75.7.112",
              "20.75.7.117",
              "20.75.7.124",
              "20.75.7.128",
              "20.75.7.142",
              "20.75.7.151",
              "20.75.7.156",
              "20.75.7.172",
              "20.75.7.202",
              "20.75.7.223",
              "20.75.6.70",
              "20.186.50.117",
              "52.177.234.87",
              "52.177.235.10",
              "52.177.235.242",
              "52.179.238.63",
              "52.177.235.251",
              "20.49.97.20"
            ],
            "possible_outbound_ip_addresses": "20.75.6.151,20.75.6.173,20.75.6.226,20.75.7.63,20.75.7.72,20.75.7.84,20.75.7.91,20.75.7.112,20.75.7.117,20.75.7.124,20.75.7.128,20.75.7.142,20.75.7.151,20.75.7.156,20.75.7.172,20.75.7.202,20.75.7.223,20.75.6.70,20.186.50.117,52.177.234.87,52.177.235.10,52.177.235.242,52.179.238.63,52.177.235.251,20.49.97.20",
            "resource_group_name": "rgcrctopcug",
            "service_plan_id": "/subscriptions/e80894db-d145-4782-b61e-bcda896501f8/resourceGroups/rgcrctopcug/providers/Microsoft.Web/serverfarms/aspcrctopcug",
            "site_config": [
              {
                "always_on": false,
                "api_definition_url": "",
                "api_management_api_id": "",
                "app_command_line": "",
                "app_scale_limit": 200,
                "app_service_logs": [],
                "application_insights_connection_string": "",
                "application_insights_key": "6e7349ed-1b4d-4599-9e5f-d7be08ee99ec",
                "application_stack": [
                  {
                    "docker": [],
                    "dotnet_version": "",
                    "java_version": "",
                    "node_version": "",
                    "powershell_core_version": "",
                    "python_version": "3.9",
                    "use_custom_runtime": false,
                    "use_dotnet_isolated_runtime": false
                  }
                ],
                "container_registry_managed_identity_client_id": "",
                "container_registry_use_managed_identity": false,
                "cors": [
                  {
                    "allowed_origins": [
                      "*"
                    ],
                    "support_credentials": false
                  }
                ],
                "default_documents": [
                  "Default.htm",
                  "Default.html",
                  "Default.asp",
                  "index.htm",
                  "index.html",
                  "iisstart.htm",
                  "default.aspx",
                  "index.php"
                ],
                "detailed_error_logging_enabled": false,
                "elastic_instance_minimum": 0,
                "ftps_state": "Disabled",
                "health_check_eviction_time_in_min": 0,
                "health_check_path": "",
                "http2_enabled": false,
                "ip_restriction": [],
                "linux_fx_version": "PYTHON|3.9",
                "load_balancing_mode": "LeastRequests",
                "managed_pipeline_mode": "Integrated",
                "minimum_tls_version": "1.2",
                "pre_warmed_instance_count": 0,
                "remote_debugging_enabled": false,
                "remote_debugging_version": "VS2019",
                "runtime_scale_monitoring_enabled": false,
                "scm_ip_restriction": [],
                "scm_minimum_tls_version": "1.2",
                "scm_type": "None",
                "scm_use_main_ip_restriction": false,
                "use_32_bit_worker": false,
                "vnet_route_all_enabled": false,
                "websockets_enabled": false,
                "worker_count": 1
              }
            ],
            "site_credential": [
              {
                "name": "$funcrctopcug",
                "password": "DDPlnsyct9xjxC4viqPZMtveKY6vJ4Aw5hPXCCfwFzEBBRJgTDLL5RCL4caj"
              }
            ],
            "sticky_settings": [],
            "storage_account": [],
            "storage_account_access_key": "1qQUoqHS1iVJGHaUlPdY4kvPXImyQjAY+Z7vZn2JGqaa+FA8zeRGu6ugz9rsqr4nNDPN72Bt8ZwP+AStbcb3rw==",
            "storage_account_name": "stcrctopcug",
            "storage_key_vault_secret_id": "",
            "storage_uses_managed_identity": false,
            "tags": {},
            "timeouts": null,
            "virtual_network_subnet_id": "",
            "zip_deploy_file": "../backend/api/func.zip"
          },
          "sensitive_attributes": [
            [
              {
                "type": "get_attr",
                "value": "storage_account_access_key"
              }
            ],
            [
              {
                "type": "get_attr",
                "value": "app_settings"
              },
              {
                "type": "index",
                "value": {
                  "value": "connectionString",
                  "type": "string"
                }
              }
            ]
          ],
          "private": "eyJlMmJmYjczMC1lY2FhLTExZTYtOGY4OC0zNDM2M2JjN2M0YzAiOnsiY3JlYXRlIjoxODAwMDAwMDAwMDAwLCJkZWxldGUiOjE4MDAwMDAwMDAwMDAsInJlYWQiOjMwMDAwMDAwMDAwMCwidXBkYXRlIjoxODAwMDAwMDAwMDAwfX0=",
          "dependencies": [
            "azurerm_application_insights.appi",
            "azurerm_cosmosdb_account.cosmos",
            "azurerm_service_plan.asp",
            "azurerm_storage_account.st"
          ]
        }
      ]
    },
    {
      "mode": "managed",
      "type": "azurerm_resource_group",
      "name": "rg",
      "provider": "provider[\"registry.terraform.io/hashicorp/azurerm\"]",
      "instances": [
        {
          "schema_version": 0,
          "attributes": {
            "id": "/subscriptions/e80894db-d145-4782-b61e-bcda896501f8/resourceGroups/rgcrctopcug",
            "location": "eastus2",
            "name": "rgcrctopcug",
            "tags": {},
            "timeouts": null
          },
          "sensitive_attributes": [],
          "private": "eyJlMmJmYjczMC1lY2FhLTExZTYtOGY4OC0zNDM2M2JjN2M0YzAiOnsiY3JlYXRlIjo1NDAwMDAwMDAwMDAwLCJkZWxldGUiOjU0MDAwMDAwMDAwMDAsInJlYWQiOjMwMDAwMDAwMDAwMCwidXBkYXRlIjo1NDAwMDAwMDAwMDAwfX0="
        }
      ]
    },
    {
      "mode": "managed",
      "type": "azurerm_resource_group_template_deployment",
      "name": "ag",
      "provider": "provider[\"registry.terraform.io/hashicorp/azurerm\"]",
      "instances": [
        {
          "schema_version": 0,
          "attributes": {
            "debug_level": "",
            "deployment_mode": "Incremental",
            "id": "/subscriptions/e80894db-d145-4782-b61e-bcda896501f8/resourceGroups/rgcrctopcug/providers/Microsoft.Resources/deployments/failedreq",
            "name": "failedreq",
            "output_content": "{}",
            "parameters_content": "{\"actionGroups_failedreq_name\":{\"value\":\"failedreq\"},\"workflows_testlgappp_externalid\":{\"value\":\"/subscriptions/e80894db-d145-4782-b61e-bcda896501f8/resourceGroups/rgcrctopcug/providers/Microsoft.Logic/workflows/testlgappp\"}}",
            "resource_group_name": "rgcrctopcug",
            "tags": {},
            "template_content": "{\"$schema\":\"https://schema.management.azure.com/schemas/2019-04-01/deploymentTemplate.json#\",\"contentVersion\":\"1.0.0.0\",\"parameters\":{\"actionGroups_failedreq_name\":{\"defaultValue\":\"failedreq\",\"type\":\"String\"},\"workflows_testlgappp_externalid\":{\"defaultValue\":\"/subscriptions/e80894db-d145-4782-b61e-bcda896501f8/resourceGroups/rgcrctopcug/providers/Microsoft.Logic/workflows/testlgappp\",\"type\":\"String\"}},\"resources\":[{\"apiVersion\":\"2023-01-01\",\"location\":\"Global\",\"name\":\"[parameters('actionGroups_failedreq_name')]\",\"properties\":{\"armRoleReceivers\":[],\"automationRunbookReceivers\":[],\"azureAppPushReceivers\":[],\"azureFunctionReceivers\":[],\"emailReceivers\":[],\"enabled\":true,\"eventHubReceivers\":[],\"groupShortName\":\"[parameters('actionGroups_failedreq_name')]\",\"itsmReceivers\":[],\"logicAppReceivers\":[{\"callbackUrl\":\"https://prod-80.eastus.logic.azure.com:443/workflows/87fd0f6605b74217af84eedca3ed938e/triggers/manual/paths/invoke?api-version=2016-10-01\\u0026sp=%2Ftriggers%2Fmanual%2Frun\\u0026sv=1.0\\u0026sig=wGI6C-ToKU1X5aixS7gJWUOYlONVLPkaEntgtLHsGR8\",\"name\":\"[concat(parameters('actionGroups_failedreq_name'), '-logicapp')]\",\"resourceId\":\"[parameters('workflows_testlgappp_externalid')]\",\"useCommonAlertSchema\":true}],\"smsReceivers\":[],\"voiceReceivers\":[],\"webhookReceivers\":[]},\"tags\":{\"env\":\"crc\"},\"type\":\"microsoft.insights/actionGroups\"}],\"variables\":{}}",
            "template_spec_version_id": "",
            "timeouts": null
          },
          "sensitive_attributes": [],
          "private": "eyJlMmJmYjczMC1lY2FhLTExZTYtOGY4OC0zNDM2M2JjN2M0YzAiOnsiY3JlYXRlIjoxMDgwMDAwMDAwMDAwMCwiZGVsZXRlIjoxMDgwMDAwMDAwMDAwMCwicmVhZCI6MzAwMDAwMDAwMDAwLCJ1cGRhdGUiOjEwODAwMDAwMDAwMDAwfSwic2NoZW1hX3ZlcnNpb24iOiIwIn0="
        }
      ]
    },
    {
      "mode": "managed",
      "type": "azurerm_resource_group_template_deployment",
      "name": "alert",
      "provider": "provider[\"registry.terraform.io/hashicorp/azurerm\"]",
      "instances": [
        {
          "schema_version": 0,
          "attributes": {
            "debug_level": "",
            "deployment_mode": "Incremental",
            "id": "/subscriptions/e80894db-d145-4782-b61e-bcda896501f8/resourceGroups/rgcrctopcug/providers/Microsoft.Resources/deployments/failed_requests_al",
            "name": "failed_requests_al",
            "output_content": "{}",
            "parameters_content": "{\"actiongroups_failedreq_externalid\":{\"value\":\"/subscriptions/e80894db-d145-4782-b61e-bcda896501f8/resourceGroups/rgcrctopcug/providers/microsoft.insights/actiongroups/failedreq\"},\"components_appicrctopcug_externalid\":{\"value\":\"/subscriptions/e80894db-d145-4782-b61e-bcda896501f8/resourceGroups/rgcrctopcug/providers/microsoft.insights/components/appicrctopcug\"},\"metricAlerts_failed_requests_al_name\":{\"value\":\"failed_requests_al\"}}",
            "resource_group_name": "rgcrctopcug",
            "tags": {},
            "template_content": "{\"$schema\":\"https://schema.management.azure.com/schemas/2019-04-01/deploymentTemplate.json#\",\"contentVersion\":\"1.0.0.0\",\"parameters\":{\"actiongroups_failedreq_externalid\":{\"defaultValue\":\"/subscriptions/e80894db-d145-4782-b61e-bcda896501f8/resourceGroups/rgcrctopcug/providers/microsoft.insights/actiongroups/failedreq\",\"type\":\"String\"},\"components_appicrctopcug_externalid\":{\"defaultValue\":\"/subscriptions/e80894db-d145-4782-b61e-bcda896501f8/resourceGroups/rgcrctopcug/providers/microsoft.insights/components/appicrctopcug\",\"type\":\"String\"},\"metricAlerts_failed_requests_al_name\":{\"defaultValue\":\"failed_requests_al\",\"type\":\"String\"}},\"resources\":[{\"apiVersion\":\"2018-03-01\",\"location\":\"global\",\"name\":\"[parameters('metricAlerts_failed_requests_al_name')]\",\"properties\":{\"actions\":[{\"actionGroupId\":\"[parameters('actiongroups_failedreq_externalid')]\",\"webHookProperties\":{}}],\"autoMitigate\":true,\"criteria\":{\"allOf\":[{\"criterionType\":\"StaticThresholdCriterion\",\"metricName\":\"requests/failed\",\"metricNamespace\":\"microsoft.insights/components\",\"name\":\"Metric1\",\"operator\":\"GreaterThan\",\"skipMetricValidation\":false,\"threshold\":1,\"timeAggregation\":\"Count\"}],\"odata.type\":\"Microsoft.Azure.Monitor.SingleResourceMultipleMetricCriteria\"},\"description\":\"failed_requests are above 1 for GetCount\",\"enabled\":true,\"evaluationFrequency\":\"PT1M\",\"scopes\":[\"[parameters('components_appicrctopcug_externalid')]\"],\"severity\":3,\"targetResourceRegion\":\"eastus2\",\"targetResourceType\":\"microsoft.insights/components\",\"windowSize\":\"PT5M\"},\"tags\":{\"env\":\"crc\"},\"type\":\"microsoft.insights/metricAlerts\"}],\"variables\":{}}",
            "template_spec_version_id": "",
            "timeouts": null
          },
          "sensitive_attributes": [],
          "private": "eyJlMmJmYjczMC1lY2FhLTExZTYtOGY4OC0zNDM2M2JjN2M0YzAiOnsiY3JlYXRlIjoxMDgwMDAwMDAwMDAwMCwiZGVsZXRlIjoxMDgwMDAwMDAwMDAwMCwicmVhZCI6MzAwMDAwMDAwMDAwLCJ1cGRhdGUiOjEwODAwMDAwMDAwMDAwfX0="
        }
      ]
    },
    {
      "mode": "managed",
      "type": "azurerm_resource_group_template_deployment",
      "name": "logic",
      "provider": "provider[\"registry.terraform.io/hashicorp/azurerm\"]",
      "instances": [
        {
          "schema_version": 0,
          "attributes": {
            "debug_level": "",
            "deployment_mode": "Incremental",
            "id": "/subscriptions/e80894db-d145-4782-b61e-bcda896501f8/resourceGroups/rgcrctopcug/providers/Microsoft.Resources/deployments/testlgappp",
            "name": "testlgappp",
            "output_content": "{}",
            "parameters_content": "{\"connections_slack_externalid\":{\"value\":\"/subscriptions/e80894db-d145-4782-b61e-bcda896501f8/resourceGroups/rgcrctopcug/providers/Microsoft.Web/connections/slack\"},\"workflows_testlgappp_name\":{\"value\":\"testlgappp\"}}",
            "resource_group_name": "rgcrctopcug",
            "tags": {},
            "template_content": "{\"$schema\":\"https://schema.management.azure.com/schemas/2019-04-01/deploymentTemplate.json#\",\"contentVersion\":\"1.0.0.0\",\"parameters\":{\"connections_slack_externalid\":{\"defaultValue\":\"/subscriptions/e80894db-d145-4782-b61e-bcda896501f8/resourceGroups/rgcrctopcug/providers/Microsoft.Web/connections/slack\",\"type\":\"String\"},\"workflows_testlgappp_name\":{\"defaultValue\":\"testlgappp\",\"type\":\"String\"}},\"resources\":[{\"apiVersion\":\"2017-07-01\",\"location\":\"eastus\",\"name\":\"[parameters('workflows_testlgappp_name')]\",\"properties\":{\"definition\":{\"$schema\":\"https://schema.management.azure.com/providers/Microsoft.Logic/schemas/2016-06-01/workflowdefinition.json#\",\"actions\":{\"Post_message_(V2)\":{\"inputs\":{\"body\":{\"channel\":\"C056H2BALT0\",\"text\":\"Azure New Alert!\\nAlert rule named: @{triggerBody()?['data']?['essentials']?['alertRule']} with severity: @{triggerBody()?['data']?['essentials']?['severity']} has triggered in resource group @{triggerBody()?['data']?['essentials']?['configurationItems']}!\\nDescription : @{triggerBody()?['data']?['essentials']?['description']}\\nFired at: @{triggerBody()?['data']?['essentials']?['firedDateTime']}\\n\"},\"host\":{\"connection\":{\"name\":\"@parameters('$connections')['slack']['connectionId']\"}},\"method\":\"post\",\"path\":\"/v2/chat.postMessage\"},\"runAfter\":{},\"type\":\"ApiConnection\"}},\"contentVersion\":\"1.0.0.0\",\"outputs\":{},\"parameters\":{\"$connections\":{\"defaultValue\":{},\"type\":\"Object\"}},\"triggers\":{\"manual\":{\"inputs\":{\"schema\":{\"properties\":{\"data\":{\"properties\":{\"alertContext\":{\"properties\":{\"condition\":{\"properties\":{\"allOf\":{\"items\":{\"properties\":{\"dimensions\":{\"type\":\"array\"},\"metricName\":{\"type\":\"string\"},\"metricNamespace\":{\"type\":\"string\"},\"metricValue\":{\"type\":\"integer\"},\"operator\":{\"type\":\"string\"},\"threshold\":{\"type\":\"string\"},\"timeAggregation\":{\"type\":\"string\"},\"webTestName\":{}},\"required\":[\"metricName\",\"metricNamespace\",\"operator\",\"threshold\",\"timeAggregation\",\"dimensions\",\"metricValue\",\"webTestName\"],\"type\":\"object\"},\"type\":\"array\"},\"windowEndTime\":{\"type\":\"string\"},\"windowSize\":{\"type\":\"string\"},\"windowStartTime\":{\"type\":\"string\"}},\"type\":\"object\"},\"conditionType\":{\"type\":\"string\"},\"properties\":{}},\"type\":\"object\"},\"customProperties\":{},\"essentials\":{\"properties\":{\"alertContextVersion\":{\"type\":\"string\"},\"alertId\":{\"type\":\"string\"},\"alertRule\":{\"type\":\"string\"},\"alertTargetIDs\":{\"items\":{\"type\":\"string\"},\"type\":\"array\"},\"configurationItems\":{\"items\":{\"type\":\"string\"},\"type\":\"array\"},\"description\":{\"type\":\"string\"},\"essentialsVersion\":{\"type\":\"string\"},\"firedDateTime\":{\"type\":\"string\"},\"monitorCondition\":{\"type\":\"string\"},\"monitoringService\":{\"type\":\"string\"},\"originAlertId\":{\"type\":\"string\"},\"severity\":{\"type\":\"string\"},\"signalType\":{\"type\":\"string\"}},\"type\":\"object\"}},\"type\":\"object\"},\"schemaId\":{\"type\":\"string\"}},\"type\":\"object\"}},\"kind\":\"Http\",\"type\":\"Request\"}}},\"parameters\":{\"$connections\":{\"value\":{\"slack\":{\"connectionId\":\"[parameters('connections_slack_externalid')]\",\"connectionName\":\"slack\",\"id\":\"/subscriptions/e80894db-d145-4782-b61e-bcda896501f8/providers/Microsoft.Web/locations/eastus/managedApis/slack\"}}}},\"state\":\"Enabled\"},\"type\":\"Microsoft.Logic/workflows\"}],\"variables\":{}}",
            "template_spec_version_id": "",
            "timeouts": null
          },
          "sensitive_attributes": [],
          "private": "eyJlMmJmYjczMC1lY2FhLTExZTYtOGY4OC0zNDM2M2JjN2M0YzAiOnsiY3JlYXRlIjoxMDgwMDAwMDAwMDAwMCwiZGVsZXRlIjoxMDgwMDAwMDAwMDAwMCwicmVhZCI6MzAwMDAwMDAwMDAwLCJ1cGRhdGUiOjEwODAwMDAwMDAwMDAwfX0="
        }
      ]
    },
    {
      "mode": "managed",
      "type": "azurerm_resource_group_template_deployment",
      "name": "slack",
      "provider": "provider[\"registry.terraform.io/hashicorp/azurerm\"]",
      "instances": [
        {
          "schema_version": 0,
          "attributes": {
            "debug_level": "",
            "deployment_mode": "Incremental",
            "id": "/subscriptions/e80894db-d145-4782-b61e-bcda896501f8/resourceGroups/rgcrctopcug/providers/Microsoft.Resources/deployments/slack",
            "name": "slack",
            "output_content": "{}",
            "parameters_content": "{\"connections_slack_name\":{\"value\":\"slack\"}}",
            "resource_group_name": "rgcrctopcug",
            "tags": {},
            "template_content": "{\"$schema\":\"https://schema.management.azure.com/schemas/2019-04-01/deploymentTemplate.json#\",\"contentVersion\":\"1.0.0.0\",\"parameters\":{\"connections_slack_name\":{\"defaultValue\":\"slack\",\"type\":\"String\"}},\"resources\":[{\"apiVersion\":\"2016-06-01\",\"kind\":\"V1\",\"location\":\"eastus\",\"name\":\"[parameters('connections_slack_name')]\",\"properties\":{\"api\":{\"brandColor\":\"#78D4B6\",\"description\":\"Slack is a team communication tool, that brings together all of your team communications in one place, instantly searchable and available wherever you go.\",\"displayName\":\"Slack\",\"iconUri\":\"[concat('https://connectoricons-prod.azureedge.net/releases/v1.0.1582/1.0.1582.2855/', parameters('connections_slack_name'), '/icon.png')]\",\"id\":\"[concat('/subscriptions/e80894db-d145-4782-b61e-bcda896501f8/providers/Microsoft.Web/locations/eastus/managedApis/', parameters('connections_slack_name'))]\",\"name\":\"[parameters('connections_slack_name')]\",\"type\":\"Microsoft.Web/locations/managedApis\"},\"changedTime\":\"2023-05-21T13:24:46.0373218Z\",\"createdTime\":\"2023-05-21T13:23:45.4453304Z\",\"customParameterValues\":{},\"displayName\":\"Slack\",\"nonSecretParameterValues\":{},\"statuses\":[{\"status\":\"Connected\"}],\"testLinks\":[{\"method\":\"get\",\"requestUri\":\"[concat('https://management.azure.com:443/subscriptions/e80894db-d145-4782-b61e-bcda896501f8/resourceGroups/rgcrctopcug/providers/Microsoft.Web/connections/', parameters('connections_slack_name'), '/extensions/proxy/conversations.list?api-version=2016-06-01')]\"}]},\"type\":\"Microsoft.Web/connections\"}],\"variables\":{}}",
            "template_spec_version_id": "",
            "timeouts": null
          },
          "sensitive_attributes": [],
          "private": "eyJlMmJmYjczMC1lY2FhLTExZTYtOGY4OC0zNDM2M2JjN2M0YzAiOnsiY3JlYXRlIjoxMDgwMDAwMDAwMDAwMCwiZGVsZXRlIjoxMDgwMDAwMDAwMDAwMCwicmVhZCI6MzAwMDAwMDAwMDAwLCJ1cGRhdGUiOjEwODAwMDAwMDAwMDAwfX0="
        }
      ]
    },
    {
      "mode": "managed",
      "type": "azurerm_service_plan",
      "name": "asp",
      "provider": "provider[\"registry.terraform.io/hashicorp/azurerm\"]",
      "instances": [
        {
          "schema_version": 0,
          "attributes": {
            "app_service_environment_id": "",
            "id": "/subscriptions/e80894db-d145-4782-b61e-bcda896501f8/resourceGroups/rgcrctopcug/providers/Microsoft.Web/serverfarms/aspcrctopcug",
            "kind": "functionapp",
            "location": "eastus2",
            "maximum_elastic_worker_count": 1,
            "name": "aspcrctopcug",
            "os_type": "Linux",
            "per_site_scaling_enabled": false,
            "reserved": true,
            "resource_group_name": "rgcrctopcug",
            "sku_name": "Y1",
            "tags": {},
            "timeouts": null,
            "worker_count": 0,
            "zone_balancing_enabled": false
          },
          "sensitive_attributes": [],
          "private": "eyJlMmJmYjczMC1lY2FhLTExZTYtOGY4OC0zNDM2M2JjN2M0YzAiOnsiY3JlYXRlIjozNjAwMDAwMDAwMDAwLCJkZWxldGUiOjM2MDAwMDAwMDAwMDAsInJlYWQiOjMwMDAwMDAwMDAwMCwidXBkYXRlIjozNjAwMDAwMDAwMDAwfX0="
        }
      ]
    },
    {
      "mode": "managed",
      "type": "azurerm_storage_account",
      "name": "st",
      "provider": "provider[\"registry.terraform.io/hashicorp/azurerm\"]",
      "instances": [
        {
          "schema_version": 3,
          "attributes": {
            "access_tier": "Hot",
            "account_kind": "StorageV2",
            "account_replication_type": "LRS",
            "account_tier": "Standard",
            "allow_nested_items_to_be_public": true,
            "allowed_copy_scope": "",
            "azure_files_authentication": [],
            "blob_properties": [
              {
                "change_feed_enabled": false,
                "change_feed_retention_in_days": 0,
                "container_delete_retention_policy": [],
                "cors_rule": [],
                "default_service_version": "",
                "delete_retention_policy": [],
                "last_access_time_enabled": false,
                "restore_policy": [],
                "versioning_enabled": false
              }
            ],
            "cross_tenant_replication_enabled": true,
            "custom_domain": [],
            "customer_managed_key": [],
            "default_to_oauth_authentication": false,
            "edge_zone": "",
            "enable_https_traffic_only": true,
            "id": "/subscriptions/e80894db-d145-4782-b61e-bcda896501f8/resourceGroups/rgcrctopcug/providers/Microsoft.Storage/storageAccounts/stcrctopcug",
            "identity": [],
            "immutability_policy": [],
            "infrastructure_encryption_enabled": false,
            "is_hns_enabled": false,
            "large_file_share_enabled": null,
            "location": "eastus2",
            "min_tls_version": "TLS1_2",
            "name": "stcrctopcug",
            "network_rules": [
              {
                "bypass": [
                  "AzureServices"
                ],
                "default_action": "Allow",
                "ip_rules": [],
                "private_link_access": [],
                "virtual_network_subnet_ids": []
              }
            ],
            "nfsv3_enabled": false,
            "primary_access_key": "1qQUoqHS1iVJGHaUlPdY4kvPXImyQjAY+Z7vZn2JGqaa+FA8zeRGu6ugz9rsqr4nNDPN72Bt8ZwP+AStbcb3rw==",
            "primary_blob_connection_string": "DefaultEndpointsProtocol=https;BlobEndpoint=https://stcrctopcug.blob.core.windows.net/;AccountName=stcrctopcug;AccountKey=1qQUoqHS1iVJGHaUlPdY4kvPXImyQjAY+Z7vZn2JGqaa+FA8zeRGu6ugz9rsqr4nNDPN72Bt8ZwP+AStbcb3rw==",
            "primary_blob_endpoint": "https://stcrctopcug.blob.core.windows.net/",
            "primary_blob_host": "stcrctopcug.blob.core.windows.net",
            "primary_connection_string": "DefaultEndpointsProtocol=https;AccountName=stcrctopcug;AccountKey=1qQUoqHS1iVJGHaUlPdY4kvPXImyQjAY+Z7vZn2JGqaa+FA8zeRGu6ugz9rsqr4nNDPN72Bt8ZwP+AStbcb3rw==;EndpointSuffix=core.windows.net",
            "primary_dfs_endpoint": "https://stcrctopcug.dfs.core.windows.net/",
            "primary_dfs_host": "stcrctopcug.dfs.core.windows.net",
            "primary_file_endpoint": "https://stcrctopcug.file.core.windows.net/",
            "primary_file_host": "stcrctopcug.file.core.windows.net",
            "primary_location": "eastus2",
            "primary_queue_endpoint": "https://stcrctopcug.queue.core.windows.net/",
            "primary_queue_host": "stcrctopcug.queue.core.windows.net",
            "primary_table_endpoint": "https://stcrctopcug.table.core.windows.net/",
            "primary_table_host": "stcrctopcug.table.core.windows.net",
            "primary_web_endpoint": "https://stcrctopcug.z20.web.core.windows.net/",
            "primary_web_host": "stcrctopcug.z20.web.core.windows.net",
            "public_network_access_enabled": true,
            "queue_encryption_key_type": "Service",
            "queue_properties": [
              {
                "cors_rule": [],
                "hour_metrics": [
                  {
                    "enabled": true,
                    "include_apis": true,
                    "retention_policy_days": 7,
                    "version": "1.0"
                  }
                ],
                "logging": [
                  {
                    "delete": false,
                    "read": false,
                    "retention_policy_days": 0,
                    "version": "1.0",
                    "write": false
                  }
                ],
                "minute_metrics": [
                  {
                    "enabled": false,
                    "include_apis": false,
                    "retention_policy_days": 0,
                    "version": "1.0"
                  }
                ]
              }
            ],
            "resource_group_name": "rgcrctopcug",
            "routing": [],
            "sas_policy": [],
            "secondary_access_key": "LA/7EaXgf5QvRdTZRlpWIF1L1Byb2MMqVeMb0ELmvReV1Vmx03Rrc02vm4bTpeUPd+aadOqKz9b9+AStsCbaqQ==",
            "secondary_blob_connection_string": "",
            "secondary_blob_endpoint": null,
            "secondary_blob_host": null,
            "secondary_connection_string": "DefaultEndpointsProtocol=https;AccountName=stcrctopcug;AccountKey=LA/7EaXgf5QvRdTZRlpWIF1L1Byb2MMqVeMb0ELmvReV1Vmx03Rrc02vm4bTpeUPd+aadOqKz9b9+AStsCbaqQ==;EndpointSuffix=core.windows.net",
            "secondary_dfs_endpoint": null,
            "secondary_dfs_host": null,
            "secondary_file_endpoint": null,
            "secondary_file_host": null,
            "secondary_location": "",
            "secondary_queue_endpoint": null,
            "secondary_queue_host": null,
            "secondary_table_endpoint": null,
            "secondary_table_host": null,
            "secondary_web_endpoint": null,
            "secondary_web_host": null,
            "sftp_enabled": false,
            "share_properties": [
              {
                "cors_rule": [],
                "retention_policy": [
                  {
                    "days": 7
                  }
                ],
                "smb": []
              }
            ],
            "shared_access_key_enabled": true,
            "static_website": [],
            "table_encryption_key_type": "Service",
            "tags": {},
            "timeouts": null
          },
          "sensitive_attributes": [],
          "private": "eyJlMmJmYjczMC1lY2FhLTExZTYtOGY4OC0zNDM2M2JjN2M0YzAiOnsiY3JlYXRlIjozNjAwMDAwMDAwMDAwLCJkZWxldGUiOjM2MDAwMDAwMDAwMDAsInJlYWQiOjMwMDAwMDAwMDAwMCwidXBkYXRlIjozNjAwMDAwMDAwMDAwfSwic2NoZW1hX3ZlcnNpb24iOiIzIn0="
        }
      ]
    },
    {
      "mode": "managed",
      "type": "azurerm_storage_container",
      "name": "stc",
      "provider": "provider[\"registry.terraform.io/hashicorp/azurerm\"]",
      "instances": [
        {
          "schema_version": 1,
          "attributes": {
            "container_access_type": "private",
            "has_immutability_policy": false,
            "has_legal_hold": false,
            "id": "https://stcrctopcug.blob.core.windows.net/stcinfra",
            "metadata": {},
            "name": "stcinfra",
            "resource_manager_id": "/subscriptions/e80894db-d145-4782-b61e-bcda896501f8/resourceGroups/rgcrctopcug/providers/Microsoft.Storage/storageAccounts/stcrctopcug/blobServices/default/containers/stcinfra",
            "storage_account_name": "stcrctopcug",
            "timeouts": null
          },
          "sensitive_attributes": [],
          "private": "eyJlMmJmYjczMC1lY2FhLTExZTYtOGY4OC0zNDM2M2JjN2M0YzAiOnsiY3JlYXRlIjoxODAwMDAwMDAwMDAwLCJkZWxldGUiOjE4MDAwMDAwMDAwMDAsInJlYWQiOjMwMDAwMDAwMDAwMCwidXBkYXRlIjoxODAwMDAwMDAwMDAwfSwic2NoZW1hX3ZlcnNpb24iOiIxIn0="
        }
      ]
    }
  ],
  "check_results": null
}
